
Microsoft Visual Studio Solution File, Format Version 12.00
# Visual Studio Version 17
VisualStudioVersion = 17.3.32929.385
MinimumVisualStudioVersion = 10.0.40219.1
Project("{FAE04EC0-301F-11D3-BF4B-00C04F79EFBC}") = "Pronia", "Pronia\Pronia.csproj", "{13A3020A-80A8-4EA0-966E-49620F9DC3CE}"
EndProject
Project("{FAE04EC0-301F-11D3-BF4B-00C04F79EFBC}") = "Core", "Core\Core.csproj", "{BB6E141E-D93B-4D11-94C6-49D35FE8C360}"
EndProject
Project("{FAE04EC0-301F-11D3-BF4B-00C04F79EFBC}") = "DataAccess", "DataAccess\DataAccess.csproj", "{B0C2177C-857F-4AF5-A284-D79E414E1872}"
EndProject
Global
	GlobalSection(SolutionConfigurationPlatforms) = preSolution
		Debug|Any CPU = Debug|Any CPU
		Release|Any CPU = Release|Any CPU
	EndGlobalSection
	GlobalSection(ProjectConfigurationPlatforms) = postSolution
		{13A3020A-80A8-4EA0-966E-49620F9DC3CE}.Debug|Any CPU.ActiveCfg = Debug|Any CPU
		{13A3020A-80A8-4EA0-966E-49620F9DC3CE}.Debug|Any CPU.Build.0 = Debug|Any CPU
		{13A3020A-80A8-4EA0-966E-49620F9DC3CE}.Release|Any CPU.ActiveCfg = Release|Any CPU
		{13A3020A-80A8-4EA0-966E-49620F9DC3CE}.Release|Any CPU.Build.0 = Release|Any CPU
		{BB6E141E-D93B-4D11-94C6-49D35FE8C360}.Debug|Any CPU.ActiveCfg = Debug|Any CPU
		{BB6E141E-D93B-4D11-94C6-49D35FE8C360}.Debug|Any CPU.Build.0 = Debug|Any CPU
		{BB6E141E-D93B-4D11-94C6-49D35FE8C360}.Release|Any CPU.ActiveCfg = Release|Any CPU
		{BB6E141E-D93B-4D11-94C6-49D35FE8C360}.Release|Any CPU.Build.0 = Release|Any CPU
		{B0C2177C-857F-4AF5-A284-D79E414E1872}.Debug|Any CPU.ActiveCfg = Debug|Any CPU
		{B0C2177C-857F-4AF5-A284-D79E414E1872}.Debug|Any CPU.Build.0 = Debug|Any CPU
		{B0C2177C-857F-4AF5-A284-D79E414E1872}.Release|Any CPU.ActiveCfg = Release|Any CPU
		{B0C2177C-857F-4AF5-A284-D79E414E1872}.Release|Any CPU.Build.0 = Release|Any CPU
	EndGlobalSection
	GlobalSection(SolutionProperties) = preSolution
		HideSolutionNode = FALSE
	EndGlobalSection
	GlobalSection(ExtensibilityGlobals) = postSolution
		SolutionGuid = {A506894C-9C0D-4893-9F76-D311100C3962}
	EndGlobalSection
EndGlobal
