
Microsoft Visual Studio Solution File, Format Version 12.00
# Visual Studio Version 17
VisualStudioVersion = 17.3.32929.385
MinimumVisualStudioVersion = 10.0.40219.1
Project("{FAE04EC0-301F-11D3-BF4B-00C04F79EFBC}") = "Practica8", "Practica8\Practica8.csproj", "{B66838D8-B562-4EAA-9599-AB14EE5BCBB7}"
EndProject
Global
	GlobalSection(SolutionConfigurationPlatforms) = preSolution
		Debug|Any CPU = Debug|Any CPU
		Release|Any CPU = Release|Any CPU
	EndGlobalSection
	GlobalSection(ProjectConfigurationPlatforms) = postSolution
		{B66838D8-B562-4EAA-9599-AB14EE5BCBB7}.Debug|Any CPU.ActiveCfg = Debug|Any CPU
		{B66838D8-B562-4EAA-9599-AB14EE5BCBB7}.Debug|Any CPU.Build.0 = Debug|Any CPU
		{B66838D8-B562-4EAA-9599-AB14EE5BCBB7}.Release|Any CPU.ActiveCfg = Release|Any CPU
		{B66838D8-B562-4EAA-9599-AB14EE5BCBB7}.Release|Any CPU.Build.0 = Release|Any CPU
	EndGlobalSection
	GlobalSection(SolutionProperties) = preSolution
		HideSolutionNode = FALSE
	EndGlobalSection
	GlobalSection(ExtensibilityGlobals) = postSolution
		SolutionGuid = {54C1FFD8-E5BC-4205-BE49-4787057811C3}
	EndGlobalSection
EndGlobal
