
Microsoft Visual Studio Solution File, Format Version 12.00
# Visual Studio Version 17
VisualStudioVersion = 17.3.32929.385
MinimumVisualStudioVersion = 10.0.40219.1
Project("{FAE04EC0-301F-11D3-BF4B-00C04F79EFBC}") = "Practica9", "Practica9\Practica9.csproj", "{DBD17522-AD9C-4189-9212-474BD54F00B6}"
EndProject
Global
	GlobalSection(SolutionConfigurationPlatforms) = preSolution
		Debug|Any CPU = Debug|Any CPU
		Release|Any CPU = Release|Any CPU
	EndGlobalSection
	GlobalSection(ProjectConfigurationPlatforms) = postSolution
		{DBD17522-AD9C-4189-9212-474BD54F00B6}.Debug|Any CPU.ActiveCfg = Debug|Any CPU
		{DBD17522-AD9C-4189-9212-474BD54F00B6}.Debug|Any CPU.Build.0 = Debug|Any CPU
		{DBD17522-AD9C-4189-9212-474BD54F00B6}.Release|Any CPU.ActiveCfg = Release|Any CPU
		{DBD17522-AD9C-4189-9212-474BD54F00B6}.Release|Any CPU.Build.0 = Release|Any CPU
	EndGlobalSection
	GlobalSection(SolutionProperties) = preSolution
		HideSolutionNode = FALSE
	EndGlobalSection
	GlobalSection(ExtensibilityGlobals) = postSolution
		SolutionGuid = {305D2782-F50D-4DAB-9931-E816AC56C5D3}
	EndGlobalSection
EndGlobal
